
Microsoft Visual Studio Solution File, Format Version 12.00
# Visual Studio Version 16
VisualStudioVersion = 16.0.30621.155
MinimumVisualStudioVersion = 10.0.40219.1
Project("{9A19103F-16F7-4668-BE54-9A1E7A4F7556}") = "CursoCSharp", "CursoCSharp\CursoCSharp.csproj", "{0DE6676A-8C7C-44BE-AB69-F01A994E124A}"
EndProject
Project("{FAE04EC0-301F-11D3-BF4B-00C04F79EFBC}") = "Encapsulamento", "Encapsulamento\Encapsulamento.csproj", "{F9A102B9-5CE8-40E7-A2FA-FB907F873CEF}"
EndProject
Global
	GlobalSection(SolutionConfigurationPlatforms) = preSolution
		Debug|Any CPU = Debug|Any CPU
		Release|Any CPU = Release|Any CPU
	EndGlobalSection
	GlobalSection(ProjectConfigurationPlatforms) = postSolution
		{0DE6676A-8C7C-44BE-AB69-F01A994E124A}.Debug|Any CPU.ActiveCfg = Debug|Any CPU
		{0DE6676A-8C7C-44BE-AB69-F01A994E124A}.Debug|Any CPU.Build.0 = Debug|Any CPU
		{0DE6676A-8C7C-44BE-AB69-F01A994E124A}.Release|Any CPU.ActiveCfg = Release|Any CPU
		{0DE6676A-8C7C-44BE-AB69-F01A994E124A}.Release|Any CPU.Build.0 = Release|Any CPU
		{F9A102B9-5CE8-40E7-A2FA-FB907F873CEF}.Debug|Any CPU.ActiveCfg = Debug|Any CPU
		{F9A102B9-5CE8-40E7-A2FA-FB907F873CEF}.Debug|Any CPU.Build.0 = Debug|Any CPU
		{F9A102B9-5CE8-40E7-A2FA-FB907F873CEF}.Release|Any CPU.ActiveCfg = Release|Any CPU
		{F9A102B9-5CE8-40E7-A2FA-FB907F873CEF}.Release|Any CPU.Build.0 = Release|Any CPU
	EndGlobalSection
	GlobalSection(SolutionProperties) = preSolution
		HideSolutionNode = FALSE
	EndGlobalSection
	GlobalSection(ExtensibilityGlobals) = postSolution
		SolutionGuid = {75669DFD-B2FE-4378-952B-F64937E8085D}
	EndGlobalSection
EndGlobal
